
Microsoft Visual Studio Solution File, Format Version 12.00
# Visual Studio Version 16
VisualStudioVersion = 16.0.30907.101
MinimumVisualStudioVersion = 10.0.40219.1
Project("{FAE04EC0-301F-11D3-BF4B-00C04F79EFBC}") = "FunctionApp1", "FunctionApp1\FunctionApp1.csproj", "{09B9BF72-12AE-48EC-85CC-765A96A24791}"
EndProject
Global
	GlobalSection(SolutionConfigurationPlatforms) = preSolution
		Debug|Any CPU = Debug|Any CPU
		Release|Any CPU = Release|Any CPU
	EndGlobalSection
	GlobalSection(ProjectConfigurationPlatforms) = postSolution
		{09B9BF72-12AE-48EC-85CC-765A96A24791}.Debug|Any CPU.ActiveCfg = Debug|Any CPU
		{09B9BF72-12AE-48EC-85CC-765A96A24791}.Debug|Any CPU.Build.0 = Debug|Any CPU
		{09B9BF72-12AE-48EC-85CC-765A96A24791}.Release|Any CPU.ActiveCfg = Release|Any CPU
		{09B9BF72-12AE-48EC-85CC-765A96A24791}.Release|Any CPU.Build.0 = Release|Any CPU
	EndGlobalSection
	GlobalSection(SolutionProperties) = preSolution
		HideSolutionNode = FALSE
	EndGlobalSection
	GlobalSection(ExtensibilityGlobals) = postSolution
		SolutionGuid = {03C17AC8-D383-4CF0-A276-87C6590A5659}
	EndGlobalSection
EndGlobal
